
Microsoft Visual Studio Solution File, Format Version 12.00
# Visual Studio Version 17
VisualStudioVersion = 17.5.33516.290
MinimumVisualStudioVersion = 10.0.40219.1
Project("{9A19103F-16F7-4668-BE54-9A1E7A4F7556}") = "LightSourceProgram", "LightSourceProgram\LightSourceProgram.csproj", "{DC860A3F-032B-4FB5-A52F-6FEA82170D09}"
EndProject
Project("{FAE04EC0-301F-11D3-BF4B-00C04F79EFBC}") = "SerialPortManager", "SerialPortManager\SerialPortManager.csproj", "{72E99576-F5A4-4D9E-940A-FFB40E00037A}"
EndProject
Project("{FAE04EC0-301F-11D3-BF4B-00C04F79EFBC}") = "UnitTestLight", "UnitTestLight\UnitTestLight.csproj", "{87C2D85D-307D-4BD9-AD1F-8216C01B51D3}"
EndProject
Project("{9A19103F-16F7-4668-BE54-9A1E7A4F7556}") = "JM.LogModule", "LogModule\JM.LogModule.csproj", "{BCB93F6D-035A-4C37-A7C3-21C7F000E686}"
EndProject
Project("{2150E333-8FDC-42A3-9474-1A3956D46DE8}") = "JM.LogModule.IOC", "JM.LogModule.IOC", "{38ACDB83-16F3-4256-AA01-E24B105F9AA8}"
EndProject
Project("{FAE04EC0-301F-11D3-BF4B-00C04F79EFBC}") = "JM.LogModule.Unit", "JM.LogModule.Unit\JM.LogModule.Unit.csproj", "{558FA179-9648-410C-A034-23BD8C02DBBF}"
EndProject
Project("{9A19103F-16F7-4668-BE54-9A1E7A4F7556}") = "JM.LogModule.IOC", "JM.LogModule.IOC\JM.LogModule.IOC.csproj", "{A3E1AC66-4553-4AD1-B29D-073DE7E838C1}"
EndProject
Project("{FAE04EC0-301F-11D3-BF4B-00C04F79EFBC}") = "JM.LogModule.IOC.Unit", "JM.LogModule.IOC.Unit\JM.LogModule.IOC.Unit.csproj", "{6E1C33EC-3397-4DDA-9ACD-CABC834FB3B9}"
EndProject
Project("{2150E333-8FDC-42A3-9474-1A3956D46DE8}") = "JM.LogModule", "JM.LogModule", "{F8B738CA-0B5A-42F4-8299-DFBE0B223C36}"
EndProject
Project("{2150E333-8FDC-42A3-9474-1A3956D46DE8}") = "JM.CameraModule.IOC", "JM.CameraModule.IOC", "{E7ABF9A0-72EA-4B3A-907A-20EA064A96E6}"
EndProject
Project("{2150E333-8FDC-42A3-9474-1A3956D46DE8}") = "JM.SocketModule.IOC", "JM.SocketModule.IOC", "{D0949DD3-DD44-497A-A79C-EBA7213F1ED5}"
EndProject
Project("{9A19103F-16F7-4668-BE54-9A1E7A4F7556}") = "JM.SocketModule.IOC", "SocketModule\JM.SocketModule.IOC.csproj", "{CAA3F33D-5B1A-4524-A614-DE34A9DFCECD}"
EndProject
Project("{FAE04EC0-301F-11D3-BF4B-00C04F79EFBC}") = "JM.SocketModule.IOC.Unit", "SocketModuleUnit\JM.SocketModule.IOC.Unit.csproj", "{47EA941E-0807-49E8-8C3C-538E8D322712}"
EndProject
Project("{FAE04EC0-301F-11D3-BF4B-00C04F79EFBC}") = "JM.CameraModule.IOC", "JM.CameraModule.IOC\JM.CameraModule.IOC.csproj", "{5B44A60C-3E0A-493B-822E-D6F56576CBA4}"
EndProject
Project("{FAE04EC0-301F-11D3-BF4B-00C04F79EFBC}") = "JM.CameraModule.IOC.Unit", "JM.CameraModule.IOC.Unit\JM.CameraModule.IOC.Unit.csproj", "{FC630426-1E79-47F9-81E5-A14CAA9CFE2D}"
EndProject
Project("{2150E333-8FDC-42A3-9474-1A3956D46DE8}") = "JM.PlcModule.IOC", "JM.PlcModule.IOC", "{4D4C282D-65FC-4DCD-9744-AAEB610A5D4D}"
EndProject
Project("{2150E333-8FDC-42A3-9474-1A3956D46DE8}") = "JM.DataBase", "JM.DataBase", "{4D98DA34-FD68-4062-A0EB-C66696A7D72D}"
EndProject
Project("{FAE04EC0-301F-11D3-BF4B-00C04F79EFBC}") = "JM.Repository", "JM.Repository\JM.Repository.csproj", "{945D48F9-84F0-4D65-A96E-13928CFD9E12}"
EndProject
Project("{FAE04EC0-301F-11D3-BF4B-00C04F79EFBC}") = "JM.Model", "JM.Model\JM.Model.csproj", "{0F34277D-D0A8-41CD-9BB8-6E7A83D33D7B}"
EndProject
Project("{FAE04EC0-301F-11D3-BF4B-00C04F79EFBC}") = "Logger", "Logger\Logger.csproj", "{D69F222C-AA27-4E59-ADC3-1939444CCD68}"
EndProject
Project("{FAE04EC0-301F-11D3-BF4B-00C04F79EFBC}") = "JM.Services", "JM.Services\JM.Services.csproj", "{899E5C94-F66B-47F9-B174-EB334ED3CC95}"
EndProject
Project("{FAE04EC0-301F-11D3-BF4B-00C04F79EFBC}") = "JM.IServices", "JM.IServices\JM.IServices.csproj", "{0A5562DA-2C86-4698-8DB5-2644BE19163E}"
EndProject
Project("{FAE04EC0-301F-11D3-BF4B-00C04F79EFBC}") = "JM.DataBase.Unit", "JM.DataBase.Unit\JM.DataBase.Unit.csproj", "{75864168-4349-4053-AF59-5FB66430A44F}"
EndProject
Project("{2150E333-8FDC-42A3-9474-1A3956D46DE8}") = "AutoFac.Unit", "AutoFac.Unit", "{B49E5548-9B74-4BAD-8E7A-DD747D751D40}"
EndProject
Project("{FAE04EC0-301F-11D3-BF4B-00C04F79EFBC}") = "AutoFac.Unit", "AutoFac.Unit\AutoFac.Unit.csproj", "{6B1E7BAC-80FA-4EF8-81B1-5C771719592F}"
EndProject
Project("{FAE04EC0-301F-11D3-BF4B-00C04F79EFBC}") = "Log4NetViewer", "Log4NetViewer\Log4NetViewer.csproj", "{55641730-D506-4D37-8D64-FF0321012325}"
EndProject
Project("{FAE04EC0-301F-11D3-BF4B-00C04F79EFBC}") = "Log4NetViewerUnit", "Log4NetViewerUnit\Log4NetViewerUnit.csproj", "{9F51869D-41A2-4264-B001-E23B9F6AD1CD}"
EndProject
Global
	GlobalSection(SolutionConfigurationPlatforms) = preSolution
		Debug|Any CPU = Debug|Any CPU
		Release|Any CPU = Release|Any CPU
	EndGlobalSection
	GlobalSection(ProjectConfigurationPlatforms) = postSolution
		{DC860A3F-032B-4FB5-A52F-6FEA82170D09}.Debug|Any CPU.ActiveCfg = Debug|Any CPU
		{DC860A3F-032B-4FB5-A52F-6FEA82170D09}.Debug|Any CPU.Build.0 = Debug|Any CPU
		{DC860A3F-032B-4FB5-A52F-6FEA82170D09}.Release|Any CPU.ActiveCfg = Release|Any CPU
		{DC860A3F-032B-4FB5-A52F-6FEA82170D09}.Release|Any CPU.Build.0 = Release|Any CPU
		{72E99576-F5A4-4D9E-940A-FFB40E00037A}.Debug|Any CPU.ActiveCfg = Debug|Any CPU
		{72E99576-F5A4-4D9E-940A-FFB40E00037A}.Debug|Any CPU.Build.0 = Debug|Any CPU
		{72E99576-F5A4-4D9E-940A-FFB40E00037A}.Release|Any CPU.ActiveCfg = Release|Any CPU
		{72E99576-F5A4-4D9E-940A-FFB40E00037A}.Release|Any CPU.Build.0 = Release|Any CPU
		{87C2D85D-307D-4BD9-AD1F-8216C01B51D3}.Debug|Any CPU.ActiveCfg = Debug|Any CPU
		{87C2D85D-307D-4BD9-AD1F-8216C01B51D3}.Debug|Any CPU.Build.0 = Debug|Any CPU
		{87C2D85D-307D-4BD9-AD1F-8216C01B51D3}.Release|Any CPU.ActiveCfg = Release|Any CPU
		{87C2D85D-307D-4BD9-AD1F-8216C01B51D3}.Release|Any CPU.Build.0 = Release|Any CPU
		{BCB93F6D-035A-4C37-A7C3-21C7F000E686}.Debug|Any CPU.ActiveCfg = Debug|Any CPU
		{BCB93F6D-035A-4C37-A7C3-21C7F000E686}.Debug|Any CPU.Build.0 = Debug|Any CPU
		{BCB93F6D-035A-4C37-A7C3-21C7F000E686}.Release|Any CPU.ActiveCfg = Release|Any CPU
		{BCB93F6D-035A-4C37-A7C3-21C7F000E686}.Release|Any CPU.Build.0 = Release|Any CPU
		{558FA179-9648-410C-A034-23BD8C02DBBF}.Debug|Any CPU.ActiveCfg = Debug|Any CPU
		{558FA179-9648-410C-A034-23BD8C02DBBF}.Debug|Any CPU.Build.0 = Debug|Any CPU
		{558FA179-9648-410C-A034-23BD8C02DBBF}.Release|Any CPU.ActiveCfg = Release|Any CPU
		{558FA179-9648-410C-A034-23BD8C02DBBF}.Release|Any CPU.Build.0 = Release|Any CPU
		{A3E1AC66-4553-4AD1-B29D-073DE7E838C1}.Debug|Any CPU.ActiveCfg = Debug|Any CPU
		{A3E1AC66-4553-4AD1-B29D-073DE7E838C1}.Debug|Any CPU.Build.0 = Debug|Any CPU
		{A3E1AC66-4553-4AD1-B29D-073DE7E838C1}.Release|Any CPU.ActiveCfg = Release|Any CPU
		{A3E1AC66-4553-4AD1-B29D-073DE7E838C1}.Release|Any CPU.Build.0 = Release|Any CPU
		{6E1C33EC-3397-4DDA-9ACD-CABC834FB3B9}.Debug|Any CPU.ActiveCfg = Debug|Any CPU
		{6E1C33EC-3397-4DDA-9ACD-CABC834FB3B9}.Debug|Any CPU.Build.0 = Debug|Any CPU
		{6E1C33EC-3397-4DDA-9ACD-CABC834FB3B9}.Release|Any CPU.ActiveCfg = Release|Any CPU
		{6E1C33EC-3397-4DDA-9ACD-CABC834FB3B9}.Release|Any CPU.Build.0 = Release|Any CPU
		{CAA3F33D-5B1A-4524-A614-DE34A9DFCECD}.Debug|Any CPU.ActiveCfg = Debug|Any CPU
		{CAA3F33D-5B1A-4524-A614-DE34A9DFCECD}.Debug|Any CPU.Build.0 = Debug|Any CPU
		{CAA3F33D-5B1A-4524-A614-DE34A9DFCECD}.Release|Any CPU.ActiveCfg = Release|Any CPU
		{CAA3F33D-5B1A-4524-A614-DE34A9DFCECD}.Release|Any CPU.Build.0 = Release|Any CPU
		{47EA941E-0807-49E8-8C3C-538E8D322712}.Debug|Any CPU.ActiveCfg = Debug|Any CPU
		{47EA941E-0807-49E8-8C3C-538E8D322712}.Debug|Any CPU.Build.0 = Debug|Any CPU
		{47EA941E-0807-49E8-8C3C-538E8D322712}.Release|Any CPU.ActiveCfg = Release|Any CPU
		{47EA941E-0807-49E8-8C3C-538E8D322712}.Release|Any CPU.Build.0 = Release|Any CPU
		{5B44A60C-3E0A-493B-822E-D6F56576CBA4}.Debug|Any CPU.ActiveCfg = Debug|Any CPU
		{5B44A60C-3E0A-493B-822E-D6F56576CBA4}.Debug|Any CPU.Build.0 = Debug|Any CPU
		{5B44A60C-3E0A-493B-822E-D6F56576CBA4}.Release|Any CPU.ActiveCfg = Release|Any CPU
		{5B44A60C-3E0A-493B-822E-D6F56576CBA4}.Release|Any CPU.Build.0 = Release|Any CPU
		{FC630426-1E79-47F9-81E5-A14CAA9CFE2D}.Debug|Any CPU.ActiveCfg = Debug|Any CPU
		{FC630426-1E79-47F9-81E5-A14CAA9CFE2D}.Debug|Any CPU.Build.0 = Debug|Any CPU
		{FC630426-1E79-47F9-81E5-A14CAA9CFE2D}.Release|Any CPU.ActiveCfg = Release|Any CPU
		{FC630426-1E79-47F9-81E5-A14CAA9CFE2D}.Release|Any CPU.Build.0 = Release|Any CPU
		{945D48F9-84F0-4D65-A96E-13928CFD9E12}.Debug|Any CPU.ActiveCfg = Debug|Any CPU
		{945D48F9-84F0-4D65-A96E-13928CFD9E12}.Debug|Any CPU.Build.0 = Debug|Any CPU
		{945D48F9-84F0-4D65-A96E-13928CFD9E12}.Release|Any CPU.ActiveCfg = Release|Any CPU
		{945D48F9-84F0-4D65-A96E-13928CFD9E12}.Release|Any CPU.Build.0 = Release|Any CPU
		{0F34277D-D0A8-41CD-9BB8-6E7A83D33D7B}.Debug|Any CPU.ActiveCfg = Debug|Any CPU
		{0F34277D-D0A8-41CD-9BB8-6E7A83D33D7B}.Debug|Any CPU.Build.0 = Debug|Any CPU
		{0F34277D-D0A8-41CD-9BB8-6E7A83D33D7B}.Release|Any CPU.ActiveCfg = Release|Any CPU
		{0F34277D-D0A8-41CD-9BB8-6E7A83D33D7B}.Release|Any CPU.Build.0 = Release|Any CPU
		{D69F222C-AA27-4E59-ADC3-1939444CCD68}.Debug|Any CPU.ActiveCfg = Debug|Any CPU
		{D69F222C-AA27-4E59-ADC3-1939444CCD68}.Debug|Any CPU.Build.0 = Debug|Any CPU
		{D69F222C-AA27-4E59-ADC3-1939444CCD68}.Release|Any CPU.ActiveCfg = Release|Any CPU
		{D69F222C-AA27-4E59-ADC3-1939444CCD68}.Release|Any CPU.Build.0 = Release|Any CPU
		{899E5C94-F66B-47F9-B174-EB334ED3CC95}.Debug|Any CPU.ActiveCfg = Debug|Any CPU
		{899E5C94-F66B-47F9-B174-EB334ED3CC95}.Debug|Any CPU.Build.0 = Debug|Any CPU
		{899E5C94-F66B-47F9-B174-EB334ED3CC95}.Release|Any CPU.ActiveCfg = Release|Any CPU
		{899E5C94-F66B-47F9-B174-EB334ED3CC95}.Release|Any CPU.Build.0 = Release|Any CPU
		{0A5562DA-2C86-4698-8DB5-2644BE19163E}.Debug|Any CPU.ActiveCfg = Debug|Any CPU
		{0A5562DA-2C86-4698-8DB5-2644BE19163E}.Debug|Any CPU.Build.0 = Debug|Any CPU
		{0A5562DA-2C86-4698-8DB5-2644BE19163E}.Release|Any CPU.ActiveCfg = Release|Any CPU
		{0A5562DA-2C86-4698-8DB5-2644BE19163E}.Release|Any CPU.Build.0 = Release|Any CPU
		{75864168-4349-4053-AF59-5FB66430A44F}.Debug|Any CPU.ActiveCfg = Debug|Any CPU
		{75864168-4349-4053-AF59-5FB66430A44F}.Debug|Any CPU.Build.0 = Debug|Any CPU
		{75864168-4349-4053-AF59-5FB66430A44F}.Release|Any CPU.ActiveCfg = Release|Any CPU
		{75864168-4349-4053-AF59-5FB66430A44F}.Release|Any CPU.Build.0 = Release|Any CPU
		{6B1E7BAC-80FA-4EF8-81B1-5C771719592F}.Debug|Any CPU.ActiveCfg = Debug|Any CPU
		{6B1E7BAC-80FA-4EF8-81B1-5C771719592F}.Debug|Any CPU.Build.0 = Debug|Any CPU
		{6B1E7BAC-80FA-4EF8-81B1-5C771719592F}.Release|Any CPU.ActiveCfg = Release|Any CPU
		{6B1E7BAC-80FA-4EF8-81B1-5C771719592F}.Release|Any CPU.Build.0 = Release|Any CPU
		{55641730-D506-4D37-8D64-FF0321012325}.Debug|Any CPU.ActiveCfg = Debug|Any CPU
		{55641730-D506-4D37-8D64-FF0321012325}.Debug|Any CPU.Build.0 = Debug|Any CPU
		{55641730-D506-4D37-8D64-FF0321012325}.Release|Any CPU.ActiveCfg = Release|Any CPU
		{55641730-D506-4D37-8D64-FF0321012325}.Release|Any CPU.Build.0 = Release|Any CPU
		{9F51869D-41A2-4264-B001-E23B9F6AD1CD}.Debug|Any CPU.ActiveCfg = Debug|Any CPU
		{9F51869D-41A2-4264-B001-E23B9F6AD1CD}.Debug|Any CPU.Build.0 = Debug|Any CPU
		{9F51869D-41A2-4264-B001-E23B9F6AD1CD}.Release|Any CPU.ActiveCfg = Release|Any CPU
		{9F51869D-41A2-4264-B001-E23B9F6AD1CD}.Release|Any CPU.Build.0 = Release|Any CPU
	EndGlobalSection
	GlobalSection(SolutionProperties) = preSolution
		HideSolutionNode = FALSE
	EndGlobalSection
	GlobalSection(NestedProjects) = preSolution
		{BCB93F6D-035A-4C37-A7C3-21C7F000E686} = {F8B738CA-0B5A-42F4-8299-DFBE0B223C36}
		{558FA179-9648-410C-A034-23BD8C02DBBF} = {F8B738CA-0B5A-42F4-8299-DFBE0B223C36}
		{A3E1AC66-4553-4AD1-B29D-073DE7E838C1} = {38ACDB83-16F3-4256-AA01-E24B105F9AA8}
		{6E1C33EC-3397-4DDA-9ACD-CABC834FB3B9} = {38ACDB83-16F3-4256-AA01-E24B105F9AA8}
		{CAA3F33D-5B1A-4524-A614-DE34A9DFCECD} = {D0949DD3-DD44-497A-A79C-EBA7213F1ED5}
		{47EA941E-0807-49E8-8C3C-538E8D322712} = {D0949DD3-DD44-497A-A79C-EBA7213F1ED5}
		{5B44A60C-3E0A-493B-822E-D6F56576CBA4} = {E7ABF9A0-72EA-4B3A-907A-20EA064A96E6}
		{FC630426-1E79-47F9-81E5-A14CAA9CFE2D} = {E7ABF9A0-72EA-4B3A-907A-20EA064A96E6}
		{945D48F9-84F0-4D65-A96E-13928CFD9E12} = {4D98DA34-FD68-4062-A0EB-C66696A7D72D}
		{0F34277D-D0A8-41CD-9BB8-6E7A83D33D7B} = {4D98DA34-FD68-4062-A0EB-C66696A7D72D}
		{D69F222C-AA27-4E59-ADC3-1939444CCD68} = {F8B738CA-0B5A-42F4-8299-DFBE0B223C36}
		{899E5C94-F66B-47F9-B174-EB334ED3CC95} = {4D98DA34-FD68-4062-A0EB-C66696A7D72D}
		{0A5562DA-2C86-4698-8DB5-2644BE19163E} = {4D98DA34-FD68-4062-A0EB-C66696A7D72D}
		{75864168-4349-4053-AF59-5FB66430A44F} = {4D98DA34-FD68-4062-A0EB-C66696A7D72D}
		{6B1E7BAC-80FA-4EF8-81B1-5C771719592F} = {B49E5548-9B74-4BAD-8E7A-DD747D751D40}
		{55641730-D506-4D37-8D64-FF0321012325} = {38ACDB83-16F3-4256-AA01-E24B105F9AA8}
		{9F51869D-41A2-4264-B001-E23B9F6AD1CD} = {38ACDB83-16F3-4256-AA01-E24B105F9AA8}
	EndGlobalSection
	GlobalSection(ExtensibilityGlobals) = postSolution
		SolutionGuid = {43D83BF4-113C-4293-A658-757BA63B571F}
	EndGlobalSection
EndGlobal
